
Microsoft Visual Studio Solution File, Format Version 12.00
# Visual Studio 15
VisualStudioVersion = 15.0.26124.0
MinimumVisualStudioVersion = 15.0.26124.0
Project("{FAE04EC0-301F-11D3-BF4B-00C04F79EFBC}") = "API", "API\API.csproj", "{09C4C0D7-2D14-41F7-92E9-4DDD22F0AB7C}"
EndProject
Project("{FAE04EC0-301F-11D3-BF4B-00C04F79EFBC}") = "Core", "Core\Core.csproj", "{692D5A61-35D5-48D4-B452-6760793170B1}"
EndProject
Project("{FAE04EC0-301F-11D3-BF4B-00C04F79EFBC}") = "Infrastructure", "Infrastructure\Infrastructure.csproj", "{F5950F04-D71C-4BC3-994A-57BAA73AB506}"
EndProject
Global
	GlobalSection(SolutionConfigurationPlatforms) = preSolution
		Debug|Any CPU = Debug|Any CPU
		Debug|x64 = Debug|x64
		Debug|x86 = Debug|x86
		Release|Any CPU = Release|Any CPU
		Release|x64 = Release|x64
		Release|x86 = Release|x86
	EndGlobalSection
	GlobalSection(SolutionProperties) = preSolution
		HideSolutionNode = FALSE
	EndGlobalSection
	GlobalSection(ProjectConfigurationPlatforms) = postSolution
		{09C4C0D7-2D14-41F7-92E9-4DDD22F0AB7C}.Debug|Any CPU.ActiveCfg = Debug|Any CPU
		{09C4C0D7-2D14-41F7-92E9-4DDD22F0AB7C}.Debug|Any CPU.Build.0 = Debug|Any CPU
		{09C4C0D7-2D14-41F7-92E9-4DDD22F0AB7C}.Debug|x64.ActiveCfg = Debug|Any CPU
		{09C4C0D7-2D14-41F7-92E9-4DDD22F0AB7C}.Debug|x64.Build.0 = Debug|Any CPU
		{09C4C0D7-2D14-41F7-92E9-4DDD22F0AB7C}.Debug|x86.ActiveCfg = Debug|Any CPU
		{09C4C0D7-2D14-41F7-92E9-4DDD22F0AB7C}.Debug|x86.Build.0 = Debug|Any CPU
		{09C4C0D7-2D14-41F7-92E9-4DDD22F0AB7C}.Release|Any CPU.ActiveCfg = Release|Any CPU
		{09C4C0D7-2D14-41F7-92E9-4DDD22F0AB7C}.Release|Any CPU.Build.0 = Release|Any CPU
		{09C4C0D7-2D14-41F7-92E9-4DDD22F0AB7C}.Release|x64.ActiveCfg = Release|Any CPU
		{09C4C0D7-2D14-41F7-92E9-4DDD22F0AB7C}.Release|x64.Build.0 = Release|Any CPU
		{09C4C0D7-2D14-41F7-92E9-4DDD22F0AB7C}.Release|x86.ActiveCfg = Release|Any CPU
		{09C4C0D7-2D14-41F7-92E9-4DDD22F0AB7C}.Release|x86.Build.0 = Release|Any CPU
		{692D5A61-35D5-48D4-B452-6760793170B1}.Debug|Any CPU.ActiveCfg = Debug|Any CPU
		{692D5A61-35D5-48D4-B452-6760793170B1}.Debug|Any CPU.Build.0 = Debug|Any CPU
		{692D5A61-35D5-48D4-B452-6760793170B1}.Debug|x64.ActiveCfg = Debug|Any CPU
		{692D5A61-35D5-48D4-B452-6760793170B1}.Debug|x64.Build.0 = Debug|Any CPU
		{692D5A61-35D5-48D4-B452-6760793170B1}.Debug|x86.ActiveCfg = Debug|Any CPU
		{692D5A61-35D5-48D4-B452-6760793170B1}.Debug|x86.Build.0 = Debug|Any CPU
		{692D5A61-35D5-48D4-B452-6760793170B1}.Release|Any CPU.ActiveCfg = Release|Any CPU
		{692D5A61-35D5-48D4-B452-6760793170B1}.Release|Any CPU.Build.0 = Release|Any CPU
		{692D5A61-35D5-48D4-B452-6760793170B1}.Release|x64.ActiveCfg = Release|Any CPU
		{692D5A61-35D5-48D4-B452-6760793170B1}.Release|x64.Build.0 = Release|Any CPU
		{692D5A61-35D5-48D4-B452-6760793170B1}.Release|x86.ActiveCfg = Release|Any CPU
		{692D5A61-35D5-48D4-B452-6760793170B1}.Release|x86.Build.0 = Release|Any CPU
		{F5950F04-D71C-4BC3-994A-57BAA73AB506}.Debug|Any CPU.ActiveCfg = Debug|Any CPU
		{F5950F04-D71C-4BC3-994A-57BAA73AB506}.Debug|Any CPU.Build.0 = Debug|Any CPU
		{F5950F04-D71C-4BC3-994A-57BAA73AB506}.Debug|x64.ActiveCfg = Debug|Any CPU
		{F5950F04-D71C-4BC3-994A-57BAA73AB506}.Debug|x64.Build.0 = Debug|Any CPU
		{F5950F04-D71C-4BC3-994A-57BAA73AB506}.Debug|x86.ActiveCfg = Debug|Any CPU
		{F5950F04-D71C-4BC3-994A-57BAA73AB506}.Debug|x86.Build.0 = Debug|Any CPU
		{F5950F04-D71C-4BC3-994A-57BAA73AB506}.Release|Any CPU.ActiveCfg = Release|Any CPU
		{F5950F04-D71C-4BC3-994A-57BAA73AB506}.Release|Any CPU.Build.0 = Release|Any CPU
		{F5950F04-D71C-4BC3-994A-57BAA73AB506}.Release|x64.ActiveCfg = Release|Any CPU
		{F5950F04-D71C-4BC3-994A-57BAA73AB506}.Release|x64.Build.0 = Release|Any CPU
		{F5950F04-D71C-4BC3-994A-57BAA73AB506}.Release|x86.ActiveCfg = Release|Any CPU
		{F5950F04-D71C-4BC3-994A-57BAA73AB506}.Release|x86.Build.0 = Release|Any CPU
	EndGlobalSection
EndGlobal
